// !$*UTF8*$!
{
	archiveVersion = 1;
	classes = {
	};
	objectVersion = 55;
	objects = {

/* Begin PBXBuildFile section */
		2A01126E286A858C00A42DCE /* UserFriendsApp.swift in Sources */ = {isa = PBXBuildFile; fileRef = 2A01126D286A858C00A42DCE /* UserFriendsApp.swift */; };
		2A011270286A858C00A42DCE /* ContentView.swift in Sources */ = {isa = PBXBuildFile; fileRef = 2A01126F286A858C00A42DCE /* ContentView.swift */; };
		2A011272286A858C00A42DCE /* Assets.xcassets in Resources */ = {isa = PBXBuildFile; fileRef = 2A011271286A858C00A42DCE /* Assets.xcassets */; };
		2A011275286A858C00A42DCE /* Preview Assets.xcassets in Resources */ = {isa = PBXBuildFile; fileRef = 2A011274286A858C00A42DCE /* Preview Assets.xcassets */; };
		2A01127E286A85B300A42DCE /* UserFriends.xcdatamodeld in Sources */ = {isa = PBXBuildFile; fileRef = 2A01127C286A85B300A42DCE /* UserFriends.xcdatamodeld */; };
		2A011283286A87A300A42DCE /* Friend+CoreDataClass.swift in Sources */ = {isa = PBXBuildFile; fileRef = 2A01127F286A87A300A42DCE /* Friend+CoreDataClass.swift */; };
		2A011285286A87A300A42DCE /* User+CoreDataClass.swift in Sources */ = {isa = PBXBuildFile; fileRef = 2A011281286A87A300A42DCE /* User+CoreDataClass.swift */; };
		2A011289286A912700A42DCE /* Friend+CoreDataProperties.swift in Sources */ = {isa = PBXBuildFile; fileRef = 2A011287286A912700A42DCE /* Friend+CoreDataProperties.swift */; };
		2A01128A286A912700A42DCE /* User+CoreDataProperties.swift in Sources */ = {isa = PBXBuildFile; fileRef = 2A011288286A912700A42DCE /* User+CoreDataProperties.swift */; };
		2A01128C2871E6F000A42DCE /* DataController.swift in Sources */ = {isa = PBXBuildFile; fileRef = 2A01128B2871E6F000A42DCE /* DataController.swift */; };
		2A0112932877AA4800A42DCE /* Friend+CoreDataProperties.swift in Sources */ = {isa = PBXBuildFile; fileRef = 2A0112912877AA4800A42DCE /* Friend+CoreDataProperties.swift */; };
		2A0112942877AA4800A42DCE /* User+CoreDataProperties.swift in Sources */ = {isa = PBXBuildFile; fileRef = 2A0112922877AA4800A42DCE /* User+CoreDataProperties.swift */; };
/* End PBXBuildFile section */

/* Begin PBXFileReference section */
		2A01126A286A858C00A42DCE /* UserFriends.app */ = {isa = PBXFileReference; explicitFileType = wrapper.application; includeInIndex = 0; path = UserFriends.app; sourceTree = BUILT_PRODUCTS_DIR; };
		2A01126D286A858C00A42DCE /* UserFriendsApp.swift */ = {isa = PBXFileReference; lastKnownFileType = sourcecode.swift; path = UserFriendsApp.swift; sourceTree = "<group>"; };
		2A01126F286A858C00A42DCE /* ContentView.swift */ = {isa = PBXFileReference; lastKnownFileType = sourcecode.swift; path = ContentView.swift; sourceTree = "<group>"; };
		2A011271286A858C00A42DCE /* Assets.xcassets */ = {isa = PBXFileReference; lastKnownFileType = folder.assetcatalog; path = Assets.xcassets; sourceTree = "<group>"; };
		2A011274286A858C00A42DCE /* Preview Assets.xcassets */ = {isa = PBXFileReference; lastKnownFileType = folder.assetcatalog; path = "Preview Assets.xcassets"; sourceTree = "<group>"; };
		2A011276286A858C00A42DCE /* UserFriends.entitlements */ = {isa = PBXFileReference; lastKnownFileType = text.plist.entitlements; path = UserFriends.entitlements; sourceTree = "<group>"; };
		2A01127D286A85B300A42DCE /* UserFriends.xcdatamodel */ = {isa = PBXFileReference; lastKnownFileType = wrapper.xcdatamodel; path = UserFriends.xcdatamodel; sourceTree = "<group>"; };
		2A01127F286A87A300A42DCE /* Friend+CoreDataClass.swift */ = {isa = PBXFileReference; lastKnownFileType = sourcecode.swift; path = "Friend+CoreDataClass.swift"; sourceTree = SOURCE_ROOT; };
		2A011281286A87A300A42DCE /* User+CoreDataClass.swift */ = {isa = PBXFileReference; lastKnownFileType = sourcecode.swift; path = "User+CoreDataClass.swift"; sourceTree = SOURCE_ROOT; };
		2A011287286A912700A42DCE /* Friend+CoreDataProperties.swift */ = {isa = PBXFileReference; lastKnownFileType = sourcecode.swift; path = "Friend+CoreDataProperties.swift"; sourceTree = SOURCE_ROOT; };
		2A011288286A912700A42DCE /* User+CoreDataProperties.swift */ = {isa = PBXFileReference; lastKnownFileType = sourcecode.swift; path = "User+CoreDataProperties.swift"; sourceTree = SOURCE_ROOT; };
		2A01128B2871E6F000A42DCE /* DataController.swift */ = {isa = PBXFileReference; lastKnownFileType = sourcecode.swift; path = DataController.swift; sourceTree = "<group>"; };
		2A0112912877AA4800A42DCE /* Friend+CoreDataProperties.swift */ = {isa = PBXFileReference; lastKnownFileType = sourcecode.swift; path = "Friend+CoreDataProperties.swift"; sourceTree = "<group>"; };
		2A0112922877AA4800A42DCE /* User+CoreDataProperties.swift */ = {isa = PBXFileReference; lastKnownFileType = sourcecode.swift; path = "User+CoreDataProperties.swift"; sourceTree = "<group>"; };
/* End PBXFileReference section */

/* Begin PBXFrameworksBuildPhase section */
		2A011267286A858C00A42DCE /* Frameworks */ = {
			isa = PBXFrameworksBuildPhase;
			buildActionMask = 2147483647;
			files = (
			);
			runOnlyForDeploymentPostprocessing = 0;
		};
/* End PBXFrameworksBuildPhase section */

/* Begin PBXGroup section */
		2A011261286A858C00A42DCE = {
			isa = PBXGroup;
			children = (
				2A011287286A912700A42DCE /* Friend+CoreDataProperties.swift */,
				2A011288286A912700A42DCE /* User+CoreDataProperties.swift */,
				2A0112912877AA4800A42DCE /* Friend+CoreDataProperties.swift */,
				2A0112922877AA4800A42DCE /* User+CoreDataProperties.swift */,
				2A01126C286A858C00A42DCE /* UserFriends */,
				2A01126B286A858C00A42DCE /* Products */,
			);
			sourceTree = "<group>";
		};
		2A01126B286A858C00A42DCE /* Products */ = {
			isa = PBXGroup;
			children = (
				2A01126A286A858C00A42DCE /* UserFriends.app */,
			);
			name = Products;
			sourceTree = "<group>";
		};
		2A01126C286A858C00A42DCE /* UserFriends */ = {
			isa = PBXGroup;
			children = (
				2A01127F286A87A300A42DCE /* Friend+CoreDataClass.swift */,
				2A011281286A87A300A42DCE /* User+CoreDataClass.swift */,
				2A01126D286A858C00A42DCE /* UserFriendsApp.swift */,
				2A01128B2871E6F000A42DCE /* DataController.swift */,
				2A01126F286A858C00A42DCE /* ContentView.swift */,
				2A011271286A858C00A42DCE /* Assets.xcassets */,
				2A011276286A858C00A42DCE /* UserFriends.entitlements */,
				2A011273286A858C00A42DCE /* Preview Content */,
				2A01127C286A85B300A42DCE /* UserFriends.xcdatamodeld */,
			);
			path = UserFriends;
			sourceTree = "<group>";
		};
		2A011273286A858C00A42DCE /* Preview Content */ = {
			isa = PBXGroup;
			children = (
				2A011274286A858C00A42DCE /* Preview Assets.xcassets */,
			);
			path = "Preview Content";
			sourceTree = "<group>";
		};
/* End PBXGroup section */

/* Begin PBXNativeTarget section */
		2A011269286A858C00A42DCE /* UserFriends */ = {
			isa = PBXNativeTarget;
			buildConfigurationList = 2A011279286A858C00A42DCE /* Build configuration list for PBXNativeTarget "UserFriends" */;
			buildPhases = (
				2A011266286A858C00A42DCE /* Sources */,
				2A011267286A858C00A42DCE /* Frameworks */,
				2A011268286A858C00A42DCE /* Resources */,
			);
			buildRules = (
			);
			dependencies = (
			);
			name = UserFriends;
			productName = UserFriends;
			productReference = 2A01126A286A858C00A42DCE /* UserFriends.app */;
			productType = "com.apple.product-type.application";
		};
/* End PBXNativeTarget section */

/* Begin PBXProject section */
		2A011262286A858C00A42DCE /* Project object */ = {
			isa = PBXProject;
			attributes = {
				BuildIndependentTargetsInParallel = 1;
				LastSwiftUpdateCheck = 1340;
				LastUpgradeCheck = 1340;
				TargetAttributes = {
					2A011269286A858C00A42DCE = {
						CreatedOnToolsVersion = 13.4.1;
					};
				};
			};
			buildConfigurationList = 2A011265286A858C00A42DCE /* Build configuration list for PBXProject "UserFriends" */;
			compatibilityVersion = "Xcode 13.0";
			developmentRegion = en;
			hasScannedForEncodings = 0;
			knownRegions = (
				en,
				Base,
			);
			mainGroup = 2A011261286A858C00A42DCE;
			productRefGroup = 2A01126B286A858C00A42DCE /* Products */;
			projectDirPath = "";
			projectRoot = "";
			targets = (
				2A011269286A858C00A42DCE /* UserFriends */,
			);
		};
/* End PBXProject section */

/* Begin PBXResourcesBuildPhase section */
		2A011268286A858C00A42DCE /* Resources */ = {
			isa = PBXResourcesBuildPhase;
			buildActionMask = 2147483647;
			files = (
				2A011275286A858C00A42DCE /* Preview Assets.xcassets in Resources */,
				2A011272286A858C00A42DCE /* Assets.xcassets in Resources */,
			);
			runOnlyForDeploymentPostprocessing = 0;
		};
/* End PBXResourcesBuildPhase section */

/* Begin PBXSourcesBuildPhase section */
		2A011266286A858C00A42DCE /* Sources */ = {
			isa = PBXSourcesBuildPhase;
			buildActionMask = 2147483647;
			files = (
				2A01127E286A85B300A42DCE /* UserFriends.xcdatamodeld in Sources */,
				2A011283286A87A300A42DCE /* Friend+CoreDataClass.swift in Sources */,
				2A0112942877AA4800A42DCE /* User+CoreDataProperties.swift in Sources */,
				2A0112932877AA4800A42DCE /* Friend+CoreDataProperties.swift in Sources */,
				2A011285286A87A300A42DCE /* User+CoreDataClass.swift in Sources */,
				2A011289286A912700A42DCE /* Friend+CoreDataProperties.swift in Sources */,
				2A011270286A858C00A42DCE /* ContentView.swift in Sources */,
				2A01128C2871E6F000A42DCE /* DataController.swift in Sources */,
				2A01126E286A858C00A42DCE /* UserFriendsApp.swift in Sources */,
				2A01128A286A912700A42DCE /* User+CoreDataProperties.swift in Sources */,
			);
			runOnlyForDeploymentPostprocessing = 0;
		};
/* End PBXSourcesBuildPhase section */

/* Begin XCBuildConfiguration section */
		2A011277286A858C00A42DCE /* Debug */ = {
			isa = XCBuildConfiguration;
			buildSettings = {
				ALWAYS_SEARCH_USER_PATHS = NO;
				CLANG_ANALYZER_NONNULL = YES;
				CLANG_ANALYZER_NUMBER_OBJECT_CONVERSION = YES_AGGRESSIVE;
				CLANG_CXX_LANGUAGE_STANDARD = "gnu++17";
				CLANG_ENABLE_MODULES = YES;
				CLANG_ENABLE_OBJC_ARC = YES;
				CLANG_ENABLE_OBJC_WEAK = YES;
				CLANG_WARN_BLOCK_CAPTURE_AUTORELEASING = YES;
				CLANG_WARN_BOOL_CONVERSION = YES;
				CLANG_WARN_COMMA = YES;
				CLANG_WARN_CONSTANT_CONVERSION = YES;
				CLANG_WARN_DEPRECATED_OBJC_IMPLEMENTATIONS = YES;
				CLANG_WARN_DIRECT_OBJC_ISA_USAGE = YES_ERROR;
				CLANG_WARN_DOCUMENTATION_COMMENTS = YES;
				CLANG_WARN_EMPTY_BODY = YES;
				CLANG_WARN_ENUM_CONVERSION = YES;
				CLANG_WARN_INFINITE_RECURSION = YES;
				CLANG_WARN_INT_CONVERSION = YES;
				CLANG_WARN_NON_LITERAL_NULL_CONVERSION = YES;
				CLANG_WARN_OBJC_IMPLICIT_RETAIN_SELF = YES;
				CLANG_WARN_OBJC_LITERAL_CONVERSION = YES;
				CLANG_WARN_OBJC_ROOT_CLASS = YES_ERROR;
				CLANG_WARN_QUOTED_INCLUDE_IN_FRAMEWORK_HEADER = YES;
				CLANG_WARN_RANGE_LOOP_ANALYSIS = YES;
				CLANG_WARN_STRICT_PROTOTYPES = YES;
				CLANG_WARN_SUSPICIOUS_MOVE = YES;
				CLANG_WARN_UNGUARDED_AVAILABILITY = YES_AGGRESSIVE;
				CLANG_WARN_UNREACHABLE_CODE = YES;
				CLANG_WARN__DUPLICATE_METHOD_MATCH = YES;
				COPY_PHASE_STRIP = NO;
				DEBUG_INFORMATION_FORMAT = dwarf;
				ENABLE_STRICT_OBJC_MSGSEND = YES;
				ENABLE_TESTABILITY = YES;
				GCC_C_LANGUAGE_STANDARD = gnu11;
				GCC_DYNAMIC_NO_PIC = NO;
				GCC_NO_COMMON_BLOCKS = YES;
				GCC_OPTIMIZATION_LEVEL = 0;
				GCC_PREPROCESSOR_DEFINITIONS = (
					"DEBUG=1",
					"$(inherited)",
				);
				GCC_WARN_64_TO_32_BIT_CONVERSION = YES;
				GCC_WARN_ABOUT_RETURN_TYPE = YES_ERROR;
				GCC_WARN_UNDECLARED_SELECTOR = YES;
				GCC_WARN_UNINITIALIZED_AUTOS = YES_AGGRESSIVE;
				GCC_WARN_UNUSED_FUNCTION = YES;
				GCC_WARN_UNUSED_VARIABLE = YES;
				MACOSX_DEPLOYMENT_TARGET = 12.3;
				MTL_ENABLE_DEBUG_INFO = INCLUDE_SOURCE;
				MTL_FAST_MATH = YES;
				ONLY_ACTIVE_ARCH = YES;
				SDKROOT = macosx;
				SWIFT_ACTIVE_COMPILATION_CONDITIONS = DEBUG;
				SWIFT_OPTIMIZATION_LEVEL = "-Onone";
			};
			name = Debug;
		};
		2A011278286A858C00A42DCE /* Release */ = {
			isa = XCBuildConfiguration;
			buildSettings = {
				ALWAYS_SEARCH_USER_PATHS = NO;
				CLANG_ANALYZER_NONNULL = YES;
				CLANG_ANALYZER_NUMBER_OBJECT_CONVERSION = YES_AGGRESSIVE;
				CLANG_CXX_LANGUAGE_STANDARD = "gnu++17";
				CLANG_ENABLE_MODULES = YES;
				CLANG_ENABLE_OBJC_ARC = YES;
				CLANG_ENABLE_OBJC_WEAK = YES;
				CLANG_WARN_BLOCK_CAPTURE_AUTORELEASING = YES;
				CLANG_WARN_BOOL_CONVERSION = YES;
				CLANG_WARN_COMMA = YES;
				CLANG_WARN_CONSTANT_CONVERSION = YES;
				CLANG_WARN_DEPRECATED_OBJC_IMPLEMENTATIONS = YES;
				CLANG_WARN_DIRECT_OBJC_ISA_USAGE = YES_ERROR;
				CLANG_WARN_DOCUMENTATION_COMMENTS = YES;
				CLANG_WARN_EMPTY_BODY = YES;
				CLANG_WARN_ENUM_CONVERSION = YES;
				CLANG_WARN_INFINITE_RECURSION = YES;
				CLANG_WARN_INT_CONVERSION = YES;
				CLANG_WARN_NON_LITERAL_NULL_CONVERSION = YES;
				CLANG_WARN_OBJC_IMPLICIT_RETAIN_SELF = YES;
				CLANG_WARN_OBJC_LITERAL_CONVERSION = YES;
				CLANG_WARN_OBJC_ROOT_CLASS = YES_ERROR;
				CLANG_WARN_QUOTED_INCLUDE_IN_FRAMEWORK_HEADER = YES;
				CLANG_WARN_RANGE_LOOP_ANALYSIS = YES;
				CLANG_WARN_STRICT_PROTOTYPES = YES;
				CLANG_WARN_SUSPICIOUS_MOVE = YES;
				CLANG_WARN_UNGUARDED_AVAILABILITY = YES_AGGRESSIVE;
				CLANG_WARN_UNREACHABLE_CODE = YES;
				CLANG_WARN__DUPLICATE_METHOD_MATCH = YES;
				COPY_PHASE_STRIP = NO;
				DEBUG_INFORMATION_FORMAT = "dwarf-with-dsym";
				ENABLE_NS_ASSERTIONS = NO;
				ENABLE_STRICT_OBJC_MSGSEND = YES;
				GCC_C_LANGUAGE_STANDARD = gnu11;
				GCC_NO_COMMON_BLOCKS = YES;
				GCC_WARN_64_TO_32_BIT_CONVERSION = YES;
				GCC_WARN_ABOUT_RETURN_TYPE = YES_ERROR;
				GCC_WARN_UNDECLARED_SELECTOR = YES;
				GCC_WARN_UNINITIALIZED_AUTOS = YES_AGGRESSIVE;
				GCC_WARN_UNUSED_FUNCTION = YES;
				GCC_WARN_UNUSED_VARIABLE = YES;
				MACOSX_DEPLOYMENT_TARGET = 12.3;
				MTL_ENABLE_DEBUG_INFO = NO;
				MTL_FAST_MATH = YES;
				SDKROOT = macosx;
				SWIFT_COMPILATION_MODE = wholemodule;
				SWIFT_OPTIMIZATION_LEVEL = "-O";
			};
			name = Release;
		};
		2A01127A286A858C00A42DCE /* Debug */ = {
			isa = XCBuildConfiguration;
			buildSettings = {
				ASSETCATALOG_COMPILER_APPICON_NAME = AppIcon;
				ASSETCATALOG_COMPILER_GLOBAL_ACCENT_COLOR_NAME = AccentColor;
				CODE_SIGN_ENTITLEMENTS = UserFriends/UserFriends.entitlements;
				CODE_SIGN_STYLE = Automatic;
				COMBINE_HIDPI_IMAGES = YES;
				CURRENT_PROJECT_VERSION = 1;
				DEVELOPMENT_ASSET_PATHS = "\"UserFriends/Preview Content\"";
				DEVELOPMENT_TEAM = KNJKV5QN86;
				ENABLE_HARDENED_RUNTIME = YES;
				ENABLE_PREVIEWS = YES;
				GENERATE_INFOPLIST_FILE = YES;
				INFOPLIST_KEY_NSHumanReadableCopyright = "";
				LD_RUNPATH_SEARCH_PATHS = (
					"$(inherited)",
					"@executable_path/../Frameworks",
				);
				MARKETING_VERSION = 1.0;
				PRODUCT_BUNDLE_IDENTIFIER = com.lovcom.UserFriends;
				PRODUCT_NAME = "$(TARGET_NAME)";
				SWIFT_EMIT_LOC_STRINGS = YES;
				SWIFT_VERSION = 5.0;
			};
			name = Debug;
		};
		2A01127B286A858C00A42DCE /* Release */ = {
			isa = XCBuildConfiguration;
			buildSettings = {
				ASSETCATALOG_COMPILER_APPICON_NAME = AppIcon;
				ASSETCATALOG_COMPILER_GLOBAL_ACCENT_COLOR_NAME = AccentColor;
				CODE_SIGN_ENTITLEMENTS = UserFriends/UserFriends.entitlements;
				CODE_SIGN_STYLE = Automatic;
				COMBINE_HIDPI_IMAGES = YES;
				CURRENT_PROJECT_VERSION = 1;
				DEVELOPMENT_ASSET_PATHS = "\"UserFriends/Preview Content\"";
				DEVELOPMENT_TEAM = KNJKV5QN86;
				ENABLE_HARDENED_RUNTIME = YES;
				ENABLE_PREVIEWS = YES;
				GENERATE_INFOPLIST_FILE = YES;
				INFOPLIST_KEY_NSHumanReadableCopyright = "";
				LD_RUNPATH_SEARCH_PATHS = (
					"$(inherited)",
					"@executable_path/../Frameworks",
				);
				MARKETING_VERSION = 1.0;
				PRODUCT_BUNDLE_IDENTIFIER = com.lovcom.UserFriends;
				PRODUCT_NAME = "$(TARGET_NAME)";
				SWIFT_EMIT_LOC_STRINGS = YES;
				SWIFT_VERSION = 5.0;
			};
			name = Release;
		};
/* End XCBuildConfiguration section */

/* Begin XCConfigurationList section */
		2A011265286A858C00A42DCE /* Build configuration list for PBXProject "UserFriends" */ = {
			isa = XCConfigurationList;
			buildConfigurations = (
				2A011277286A858C00A42DCE /* Debug */,
				2A011278286A858C00A42DCE /* Release */,
			);
			defaultConfigurationIsVisible = 0;
			defaultConfigurationName = Release;
		};
		2A011279286A858C00A42DCE /* Build configuration list for PBXNativeTarget "UserFriends" */ = {
			isa = XCConfigurationList;
			buildConfigurations = (
				2A01127A286A858C00A42DCE /* Debug */,
				2A01127B286A858C00A42DCE /* Release */,
			);
			defaultConfigurationIsVisible = 0;
			defaultConfigurationName = Release;
		};
/* End XCConfigurationList section */

/* Begin XCVersionGroup section */
		2A01127C286A85B300A42DCE /* UserFriends.xcdatamodeld */ = {
			isa = XCVersionGroup;
			children = (
				2A01127D286A85B300A42DCE /* UserFriends.xcdatamodel */,
			);
			currentVersion = 2A01127D286A85B300A42DCE /* UserFriends.xcdatamodel */;
			path = UserFriends.xcdatamodeld;
			sourceTree = "<group>";
			versionGroupType = wrapper.xcdatamodel;
		};
/* End XCVersionGroup section */
	};
	rootObject = 2A011262286A858C00A42DCE /* Project object */;
}
